{
  "version": 4,
  "terraform_version": "0.12.6",
  "serial": 143,
  "lineage": "b6f4636d-8079-b338-1ff3-2911afc84780",
  "outputs": {
    "external_ip": {
      "value": "",
      "type": "string"
    }
  },
  "resources": [
    {
      "mode": "managed",
      "type": "google_compute_instance",
      "name": "snowflake",
      "provider": "provider.google",
      "instances": [
        {
          "schema_version": 6,
          "attributes": {
            "allow_stopping_for_update": null,
            "attached_disk": [],
            "boot_disk": [
              {
                "auto_delete": true,
                "device_name": "persistent-disk-0",
                "disk_encryption_key_raw": "",
                "disk_encryption_key_sha256": "",
                "initialize_params": [
                  {
                    "image": "https://www.googleapis.com/compute/v1/projects/gce-uefi-images/global/images/ubuntu-1804-bionic-v20190722a",
                    "labels": {},
                    "size": 10,
                    "type": "pd-standard"
                  }
                ],
                "kms_key_self_link": "",
                "source": "https://www.googleapis.com/compute/v1/projects/cardinal-data-piper-sbx/zones/us-west1-a/disks/snowflake"
              }
            ],
            "can_ip_forward": false,
            "cpu_platform": "Intel Broadwell",
            "deletion_protection": false,
            "description": null,
            "disk": [],
            "guest_accelerator": [],
            "hostname": "",
            "id": "snowflake",
            "instance_id": "1094281089965174762",
            "label_fingerprint": "42WmSpB8rSM=",
            "labels": null,
            "machine_type": "f1-micro",
            "metadata": {
              "sshKeys": "monobina:ssh-rsa AAAAB3NzaC1yc2EAAAADAQABAAABAQDBteywSiOHxx/1Bd83odCWMJKeuGVCrEuz75jsHucg8dHkkWSr+dnekdDUvBQ5YLRd3D5Vl9FOiDVPDb8EpNdeUykkvPRDLshS6Nd8QM0KKoZc93GCXhwfKyrUZexSNZwRcIFDx0VqBQd8dKyn00hPz3cA6H7cthPeQk/BK9vU60U89xWK/ERamLaZfziDpSTll7mKC0NEwUtCSyQHohZP96zCu233bOm0j7ugPG3MrtlQUTanjYdUG6tRgfuY/CHBxnXLYhTV8DCBpSiAwxznGjOaNDGBEeaimi0rvBvN7YJiqrP86Vg42kpQU3jyZuYQJBBA/It7e7QeurzdDvRH monobina@monobina-macbookpro.roam.corp.google.com\n"
            },
            "metadata_fingerprint": "B3ovNjH2lzc=",
            "metadata_startup_script": "#!/usr/bin/env bash\n\n#export google_application_credentials=cardinal-data-piper-sbx.json\napt install -y python \u003e\u003e /tmp/install.log 2\u003e\u00261\napt install -y python-pip \u003e\u003e /tmp/install.log 2\u003e\u00261\napt-get update \u003e\u003e /tmp/install.log 2\u003e\u00261\napt-get install -yq build-essential python-pip rsync \u003e\u003e /tmp/install.log 2\u003e\u00261\n\n#In order to work from command line and connect to Google Cloud from CLI we have to set Up Google Cloud SDK:\n#pip install google-cloud-storage \u003e\u003e /tmp/install.log 2\u003e\u00261\n\n#Set up a GCP Console project from Command Line:\ngcloud init \u003e\u003e /tmp/install.log 2\u003e\u00261\n\nmkdir /opt/snowflake \u003e\u003e /tmp/install.log 2\u003e\u00261\n\ncd /opt/snowflake \u003e\u003e /tmp/install.log 2\u003e\u00261\npwd \u003e\u003e /tmp/install.log 2\u003e\u00261\n\ngcloud source repos clone Billing --project=cardinal-data-piper-sbx \u003e\u003e /tmp/install.log 2\u003e\u00261\ncd Billing \u003e\u003e /tmp/install.log 2\u003e\u00261\npwd \u003e\u003e /tmp/install.log 2\u003e\u00261\ngit checkout snowflake \u003e\u003e /tmp/install.log 2\u003e\u00261\ncp /opt/snowflake/Billing/snowflake/source/snowflake_cron_schedule /etc/cron.d/snowflake_cron_schedule \u003e\u003e /tmp/install.log 2\u003e\u00261\npip install -r /opt/snowflake/Billing/snowflake/source/requirements.txt \u003e\u003e /tmp/install.log 2\u003e\u00261\npython /opt/snowflake/Billing/snowflake/source/main.py \u003e\u003e /tmp/install.log 2\u003e\u00261\n\n\n\n\n",
            "min_cpu_platform": "",
            "name": "snowflake",
            "network_interface": [
              {
                "access_config": [
                  {
                    "assigned_nat_ip": "",
                    "nat_ip": "35.227.186.127",
                    "network_tier": "PREMIUM",
                    "public_ptr_domain_name": ""
                  }
                ],
                "address": "",
                "alias_ip_range": [],
                "name": "nic0",
                "network": "https://www.googleapis.com/compute/v1/projects/cardinal-data-piper-sbx/global/networks/default",
                "network_ip": "10.138.0.47",
                "subnetwork": "https://www.googleapis.com/compute/v1/projects/cardinal-data-piper-sbx/regions/us-west1/subnetworks/default",
                "subnetwork_project": "cardinal-data-piper-sbx"
              }
            ],
            "project": "cardinal-data-piper-sbx",
            "scheduling": [
              {
                "automatic_restart": true,
                "node_affinities": [],
                "on_host_maintenance": "MIGRATE",
                "preemptible": false
              }
            ],
            "scratch_disk": [],
            "self_link": "https://www.googleapis.com/compute/v1/projects/cardinal-data-piper-sbx/zones/us-west1-a/instances/snowflake",
            "service_account": [
              {
                "email": "cardinal-data-piper-sbx@cardinal-data-piper-sbx.iam.gserviceaccount.com",
                "scopes": [
                  "https://www.googleapis.com/auth/cloud-platform"
                ]
              }
            ],
            "shielded_instance_config": [
              {
                "enable_integrity_monitoring": true,
                "enable_secure_boot": false,
                "enable_vtpm": true
              }
            ],
            "tags": [
              "dataextract"
            ],
            "tags_fingerprint": "kdNpO76drXE=",
            "timeouts": null,
            "zone": "us-west1-a"
          },
          "private": "eyJlMmJmYjczMC1lY2FhLTExZTYtOGY4OC0zNDM2M2JjN2M0YzAiOnsiY3JlYXRlIjoxMjAwMDAwMDAwMDAwLCJkZWxldGUiOjEyMDAwMDAwMDAwMDAsInVwZGF0ZSI6MTIwMDAwMDAwMDAwMH0sInNjaGVtYV92ZXJzaW9uIjoiNiJ9"
        }
      ]
    }
  ]
}
